
Microsoft Visual Studio Solution File, Format Version 12.00
# Visual Studio Version 17
VisualStudioVersion = 17.14.36429.23 d17.14
MinimumVisualStudioVersion = 10.0.40219.1
Project("{FAE04EC0-301F-11D3-BF4B-00C04F79EFBC}") = "ImageProcessingActEspina", "ImageProcessingActEspina\ImageProcessingActEspina.csproj", "{C16EA451-CD7E-4AAF-A957-59471B37D730}"
EndProject
Global
	GlobalSection(SolutionConfigurationPlatforms) = preSolution
		Debug|Any CPU = Debug|Any CPU
		Release|Any CPU = Release|Any CPU
	EndGlobalSection
	GlobalSection(ProjectConfigurationPlatforms) = postSolution
		{C16EA451-CD7E-4AAF-A957-59471B37D730}.Debug|Any CPU.ActiveCfg = Debug|Any CPU
		{C16EA451-CD7E-4AAF-A957-59471B37D730}.Debug|Any CPU.Build.0 = Debug|Any CPU
		{C16EA451-CD7E-4AAF-A957-59471B37D730}.Release|Any CPU.ActiveCfg = Release|Any CPU
		{C16EA451-CD7E-4AAF-A957-59471B37D730}.Release|Any CPU.Build.0 = Release|Any CPU
	EndGlobalSection
	GlobalSection(SolutionProperties) = preSolution
		HideSolutionNode = FALSE
	EndGlobalSection
	GlobalSection(ExtensibilityGlobals) = postSolution
		SolutionGuid = {5E95EA19-AADB-4462-8BAE-930D94708E72}
	EndGlobalSection
EndGlobal
